
Microsoft Visual Studio Solution File, Format Version 12.00
# Visual Studio Version 17
VisualStudioVersion = 17.4.33205.214
MinimumVisualStudioVersion = 10.0.40219.1
Project("{FAE04EC0-301F-11D3-BF4B-00C04F79EFBC}") = "praktikos", "praktikos\praktikos.csproj", "{5853B5B6-21D5-4DBF-B8E9-9F535C19119B}"
EndProject
Global
	GlobalSection(SolutionConfigurationPlatforms) = preSolution
		Debug|Any CPU = Debug|Any CPU
		Release|Any CPU = Release|Any CPU
	EndGlobalSection
	GlobalSection(ProjectConfigurationPlatforms) = postSolution
		{5853B5B6-21D5-4DBF-B8E9-9F535C19119B}.Debug|Any CPU.ActiveCfg = Debug|Any CPU
		{5853B5B6-21D5-4DBF-B8E9-9F535C19119B}.Debug|Any CPU.Build.0 = Debug|Any CPU
		{5853B5B6-21D5-4DBF-B8E9-9F535C19119B}.Release|Any CPU.ActiveCfg = Release|Any CPU
		{5853B5B6-21D5-4DBF-B8E9-9F535C19119B}.Release|Any CPU.Build.0 = Release|Any CPU
	EndGlobalSection
	GlobalSection(SolutionProperties) = preSolution
		HideSolutionNode = FALSE
	EndGlobalSection
	GlobalSection(ExtensibilityGlobals) = postSolution
		SolutionGuid = {109BE980-50BC-49B6-81C4-BAE1015AAC29}
	EndGlobalSection
EndGlobal
